<?xml version="1.0" encoding="utf-8"?>
<Project ToolsVersion="4.0" xmlns="http://schemas.microsoft.com/developer/msbuild/2003">
  <ItemGroup>
    <Filter Include="Source Files">
      <UniqueIdentifier>{4FC737F1-C7A5-4376-A066-2A32D752A2FF}</UniqueIdentifier>
      <Extensions>cpp;c;cc;cxx;def;odl;idl;hpj;bat;asm;asmx</Extensions>
    </Filter>
    <Filter Include="Header Files">
      <UniqueIdentifier>{93995380-89BD-4b04-88EB-625FBE52EBFB}</UniqueIdentifier>
      <Extensions>h;hh;hpp;hxx;hm;inl;inc;xsd</Extensions>
    </Filter>
    <Filter Include="Resource Files">
      <UniqueIdentifier>{67DA6AB6-F800-4c08-8B7A-83BB121AAD01}</UniqueIdentifier>
      <Extensions>rc;ico;cur;bmp;dlg;rc2;rct;bin;rgs;gif;jpg;jpeg;jpe;resx;tiff;tif;png;wav;mfcribbon-ms</Extensions>
    </Filter>
  </ItemGroup>
  <ItemGroup>
    <None Include="ConfigurableFirmataSimple.ino" />
    <None Include="opcode.def">
      <Filter>Source Files</Filter>
    </None>
  </ItemGroup>
  <ItemGroup>
    <ClInclude Include="AccelStepperFirmata.h">
      <Filter>Header Files</Filter>
    </ClInclude>
    <ClInclude Include="AnalogFirmata.h">
      <Filter>Header Files</Filter>
    </ClInclude>
    <ClInclude Include="AnalogInputFirmata.h">
      <Filter>Header Files</Filter>
    </ClInclude>
    <ClInclude Include="AnalogOutputFirmata.h">
      <Filter>Header Files</Filter>
    </ClInclude>
    <ClInclude Include="AnalogWrite.h">
      <Filter>Header Files</Filter>
    </ClInclude>
    <ClInclude Include="ConfigurableFirmata.h">
      <Filter>Header Files</Filter>
    </ClInclude>
    <ClInclude Include="DhtFirmata.h">
      <Filter>Header Files</Filter>
    </ClInclude>
    <ClInclude Include="DigitalInputFirmata.h">
      <Filter>Header Files</Filter>
    </ClInclude>
    <ClInclude Include="DigitalOutputFirmata.h">
      <Filter>Header Files</Filter>
    </ClInclude>
    <ClInclude Include="Encoder7Bit.h">
      <Filter>Header Files</Filter>
    </ClInclude>
    <ClInclude Include="EthernetClientStream.h">
      <Filter>Header Files</Filter>
    </ClInclude>
    <ClInclude Include="FirmataExt.h">
      <Filter>Header Files</Filter>
    </ClInclude>
    <ClInclude Include="FirmataFeature.h">
      <Filter>Header Files</Filter>
    </ClInclude>
    <ClInclude Include="FirmataIlExecutor.h">
      <Filter>Header Files</Filter>
    </ClInclude>
    <ClInclude Include="FirmataReporting.h">
      <Filter>Header Files</Filter>
    </ClInclude>
    <ClInclude Include="FirmataScheduler.h">
      <Filter>Header Files</Filter>
    </ClInclude>
    <ClInclude Include="I2CFirmata.h">
      <Filter>Header Files</Filter>
    </ClInclude>
    <ClInclude Include="ObjectList.h">
      <Filter>Header Files</Filter>
    </ClInclude>
    <ClInclude Include="ObjectStack.h">
      <Filter>Header Files</Filter>
    </ClInclude>
    <ClInclude Include="OneWireFirmata.h">
      <Filter>Header Files</Filter>
    </ClInclude>
    <ClInclude Include="openum.h">
      <Filter>Header Files</Filter>
    </ClInclude>
    <ClInclude Include="SerialFirmata.h">
      <Filter>Header Files</Filter>
    </ClInclude>
    <ClInclude Include="ServoFirmata.h">
      <Filter>Header Files</Filter>
    </ClInclude>
    <ClInclude Include="SpiFirmata.h">
      <Filter>Header Files</Filter>
    </ClInclude>
    <ClInclude Include="StepperFirmata.h">
      <Filter>Header Files</Filter>
    </ClInclude>
  </ItemGroup>
  <ItemGroup>
    <ClCompile Include="AccelStepperFirmata.cpp">
      <Filter>Source Files</Filter>
    </ClCompile>
    <ClCompile Include="AnalogFirmata.cpp">
      <Filter>Source Files</Filter>
    </ClCompile>
    <ClCompile Include="AnalogInputFirmata.cpp">
      <Filter>Source Files</Filter>
    </ClCompile>
    <ClCompile Include="ConfigurableFirmata.cpp">
      <Filter>Source Files</Filter>
    </ClCompile>
    <ClCompile Include="DhtFirmata.cpp">
      <Filter>Source Files</Filter>
    </ClCompile>
    <ClCompile Include="DigitalInputFirmata.cpp">
      <Filter>Source Files</Filter>
    </ClCompile>
    <ClCompile Include="DigitalOutputFirmata.cpp">
      <Filter>Source Files</Filter>
    </ClCompile>
    <ClCompile Include="Encoder7Bit.cpp">
      <Filter>Source Files</Filter>
    </ClCompile>
    <ClCompile Include="EthernetClientStream.cpp">
      <Filter>Source Files</Filter>
    </ClCompile>
    <ClCompile Include="FirmataExt.cpp">
      <Filter>Source Files</Filter>
    </ClCompile>
    <ClCompile Include="FirmataIlExecutor.cpp">
      <Filter>Source Files</Filter>
    </ClCompile>
    <ClCompile Include="FirmataReporting.cpp">
      <Filter>Source Files</Filter>
    </ClCompile>
    <ClCompile Include="FirmataScheduler.cpp">
      <Filter>Source Files</Filter>
    </ClCompile>
    <ClCompile Include="I2CFirmata.cpp">
      <Filter>Source Files</Filter>
    </ClCompile>
    <ClCompile Include="OneWireFirmata.cpp">
      <Filter>Source Files</Filter>
    </ClCompile>
    <ClCompile Include="SerialFirmata.cpp">
      <Filter>Source Files</Filter>
    </ClCompile>
    <ClCompile Include="ServoFirmata.cpp">
      <Filter>Source Files</Filter>
    </ClCompile>
    <ClCompile Include="SpiFirmata.cpp">
      <Filter>Source Files</Filter>
    </ClCompile>
    <ClCompile Include="StepperFirmata.cpp">
      <Filter>Source Files</Filter>
    </ClCompile>
  </ItemGroup>
</Project>