<?xml version="1.0" encoding="utf-8"?>
<Project ToolsVersion="4.0" xmlns="http://schemas.microsoft.com/developer/msbuild/2003">
  <ItemGroup>
    <Filter Include="Quelldateien">
      <UniqueIdentifier>{4FC737F1-C7A5-4376-A066-2A32D752A2FF}</UniqueIdentifier>
      <Extensions>cpp;c;cc;cxx;c++;cppm;ixx;def;odl;idl;hpj;bat;asm;asmx</Extensions>
    </Filter>
    <Filter Include="Headerdateien">
      <UniqueIdentifier>{93995380-89BD-4b04-88EB-625FBE52EBFB}</UniqueIdentifier>
      <Extensions>h;hh;hpp;hxx;h++;hm;inl;inc;ipp;xsd</Extensions>
    </Filter>
    <Filter Include="Ressourcendateien">
      <UniqueIdentifier>{67DA6AB6-F800-4c08-8B7A-83BB121AAD01}</UniqueIdentifier>
      <Extensions>rc;ico;cur;bmp;dlg;rc2;rct;bin;rgs;gif;jpg;jpeg;jpe;resx;tiff;tif;png;wav;mfcribbon-ms</Extensions>
    </Filter>
  </ItemGroup>
  <ItemGroup>
    <ClCompile Include="ExtendedConfigurableFirmataSim.cpp">
      <Filter>Quelldateien</Filter>
    </ClCompile>
    <ClCompile Include="..\FirmataIlExecutor.cpp">
      <Filter>Quelldateien</Filter>
    </ClCompile>
    <ClCompile Include="..\ExtendedConfigurableFirmata.ino" />
    <ClCompile Include="..\..\libraries\ConfigurableFirmata\src\AnalogFirmata.cpp">
      <Filter>Quelldateien</Filter>
    </ClCompile>
    <ClCompile Include="..\..\libraries\ConfigurableFirmata\src\AnalogInputFirmata.cpp">
      <Filter>Quelldateien</Filter>
    </ClCompile>
    <ClCompile Include="..\..\libraries\ConfigurableFirmata\src\AnalogOutputFirmata.cpp">
      <Filter>Quelldateien</Filter>
    </ClCompile>
    <ClCompile Include="..\..\libraries\ConfigurableFirmata\src\ConfigurableFirmata.cpp">
      <Filter>Quelldateien</Filter>
    </ClCompile>
    <ClCompile Include="..\..\libraries\ConfigurableFirmata\src\DhtFirmata.cpp">
      <Filter>Quelldateien</Filter>
    </ClCompile>
    <ClCompile Include="..\..\libraries\ConfigurableFirmata\src\DigitalInputFirmata.cpp">
      <Filter>Quelldateien</Filter>
    </ClCompile>
    <ClCompile Include="..\..\libraries\ConfigurableFirmata\src\DigitalOutputFirmata.cpp">
      <Filter>Quelldateien</Filter>
    </ClCompile>
    <ClCompile Include="..\..\libraries\ConfigurableFirmata\src\Encoder7Bit.cpp">
      <Filter>Quelldateien</Filter>
    </ClCompile>
    <ClCompile Include="..\..\libraries\ConfigurableFirmata\src\EthernetClientStream.cpp">
      <Filter>Quelldateien</Filter>
    </ClCompile>
    <ClCompile Include="..\..\libraries\ConfigurableFirmata\src\FirmataExt.cpp">
      <Filter>Quelldateien</Filter>
    </ClCompile>
    <ClCompile Include="..\..\libraries\ConfigurableFirmata\src\FirmataReporting.cpp">
      <Filter>Quelldateien</Filter>
    </ClCompile>
    <ClCompile Include="..\..\libraries\ConfigurableFirmata\src\FirmataScheduler.cpp">
      <Filter>Quelldateien</Filter>
    </ClCompile>
    <ClCompile Include="..\..\libraries\ConfigurableFirmata\src\I2CFirmata.cpp">
      <Filter>Quelldateien</Filter>
    </ClCompile>
    <ClCompile Include="..\..\libraries\ConfigurableFirmata\src\SerialFirmata.cpp">
      <Filter>Quelldateien</Filter>
    </ClCompile>
    <ClCompile Include="..\..\libraries\ConfigurableFirmata\src\ServoFirmata.cpp">
      <Filter>Quelldateien</Filter>
    </ClCompile>
    <ClCompile Include="..\..\libraries\ConfigurableFirmata\src\SpiFirmata.cpp">
      <Filter>Quelldateien</Filter>
    </ClCompile>
    <ClCompile Include="SimulatorImpl.cpp">
      <Filter>Quelldateien</Filter>
    </ClCompile>
    <ClCompile Include="Wire.cpp">
      <Filter>Quelldateien</Filter>
    </ClCompile>
    <ClCompile Include="SPI.cpp">
      <Filter>Quelldateien</Filter>
    </ClCompile>
    <ClCompile Include="..\FirmataStatusLed.cpp">
      <Filter>Quelldateien</Filter>
    </ClCompile>
    <ClCompile Include="..\SelfTest.cpp">
      <Filter>Quelldateien</Filter>
    </ClCompile>
    <ClCompile Include="..\Exceptions.cpp">
      <Filter>Quelldateien</Filter>
    </ClCompile>
    <ClCompile Include="..\HardwareAccess.cpp">
      <Filter>Quelldateien</Filter>
    </ClCompile>
    <ClCompile Include="..\ClassDeclaration.cpp">
      <Filter>Quelldateien</Filter>
    </ClCompile>
    <ClCompile Include="..\..\libraries\ConfigurableFirmata\src\FreeMemory.cpp">
      <Filter>Quelldateien</Filter>
    </ClCompile>
    <ClCompile Include="..\FlashMemoryManager.cpp">
      <Filter>Quelldateien</Filter>
    </ClCompile>
    <ClCompile Include="..\SimFlashStorage.cpp">
      <Filter>Quelldateien</Filter>
    </ClCompile>
    <ClCompile Include="..\MethodBody.cpp">
      <Filter>Quelldateien</Filter>
    </ClCompile>
    <ClCompile Include="..\MemoryManagement.cpp">
      <Filter>Quelldateien</Filter>
    </ClCompile>
    <ClCompile Include="..\Ds1307.cpp">
      <Filter>Quelldateien</Filter>
    </ClCompile>
    <ClCompile Include="..\RtcBase.cpp">
      <Filter>Quelldateien</Filter>
    </ClCompile>
    <ClCompile Include="..\SimulatorClock.cpp">
      <Filter>Quelldateien</Filter>
    </ClCompile>
    <ClCompile Include="..\GarbageCollector.cpp">
      <Filter>Quelldateien</Filter>
    </ClCompile>
    <ClCompile Include="..\Esp32FatSupport.cpp">
      <Filter>Quelldateien</Filter>
    </ClCompile>
    <ClCompile Include="..\..\libraries\ConfigurableFirmata\src\Frequency.cpp">
      <Filter>Quelldateien</Filter>
    </ClCompile>
    <ClCompile Include="..\CustomClrException.cpp">
      <Filter>Quelldateien</Filter>
    </ClCompile>
  </ItemGroup>
  <ItemGroup>
    <ClInclude Include="..\FirmataIlExecutor.h">
      <Filter>Headerdateien</Filter>
    </ClInclude>
    <ClInclude Include="..\FreeMemory.h">
      <Filter>Headerdateien</Filter>
    </ClInclude>
    <ClInclude Include="..\ObjectIterator.h">
      <Filter>Headerdateien</Filter>
    </ClInclude>
    <ClInclude Include="..\ObjectMap.h">
      <Filter>Headerdateien</Filter>
    </ClInclude>
    <ClInclude Include="..\ObjectStack.h">
      <Filter>Headerdateien</Filter>
    </ClInclude>
    <ClInclude Include="..\ObjectVector.h">
      <Filter>Headerdateien</Filter>
    </ClInclude>
    <ClInclude Include="..\opcode.def.h">
      <Filter>Headerdateien</Filter>
    </ClInclude>
    <ClInclude Include="..\openum.h">
      <Filter>Headerdateien</Filter>
    </ClInclude>
    <ClInclude Include="..\..\libraries\ConfigurableFirmata\src\AnalogFirmata.h">
      <Filter>Headerdateien</Filter>
    </ClInclude>
    <ClInclude Include="..\..\libraries\ConfigurableFirmata\src\AnalogInputFirmata.h">
      <Filter>Headerdateien</Filter>
    </ClInclude>
    <ClInclude Include="..\..\libraries\ConfigurableFirmata\src\AnalogOutputFirmata.h">
      <Filter>Headerdateien</Filter>
    </ClInclude>
    <ClInclude Include="..\..\libraries\ConfigurableFirmata\src\AnalogWrite.h">
      <Filter>Headerdateien</Filter>
    </ClInclude>
    <ClInclude Include="..\..\libraries\ConfigurableFirmata\src\ConfigurableFirmata.h">
      <Filter>Headerdateien</Filter>
    </ClInclude>
    <ClInclude Include="..\..\libraries\ConfigurableFirmata\src\DhtFirmata.h">
      <Filter>Headerdateien</Filter>
    </ClInclude>
    <ClInclude Include="..\..\libraries\ConfigurableFirmata\src\DigitalInputFirmata.h">
      <Filter>Headerdateien</Filter>
    </ClInclude>
    <ClInclude Include="..\..\libraries\ConfigurableFirmata\src\DigitalOutputFirmata.h">
      <Filter>Headerdateien</Filter>
    </ClInclude>
    <ClInclude Include="..\..\libraries\ConfigurableFirmata\src\Encoder7Bit.h">
      <Filter>Headerdateien</Filter>
    </ClInclude>
    <ClInclude Include="..\..\libraries\ConfigurableFirmata\src\EthernetClientStream.h">
      <Filter>Headerdateien</Filter>
    </ClInclude>
    <ClInclude Include="..\..\libraries\ConfigurableFirmata\src\FirmataExt.h">
      <Filter>Headerdateien</Filter>
    </ClInclude>
    <ClInclude Include="..\..\libraries\ConfigurableFirmata\src\FirmataFeature.h">
      <Filter>Headerdateien</Filter>
    </ClInclude>
    <ClInclude Include="..\..\libraries\ConfigurableFirmata\src\FirmataReporting.h">
      <Filter>Headerdateien</Filter>
    </ClInclude>
    <ClInclude Include="..\..\libraries\ConfigurableFirmata\src\FirmataScheduler.h">
      <Filter>Headerdateien</Filter>
    </ClInclude>
    <ClInclude Include="..\..\libraries\ConfigurableFirmata\src\I2CFirmata.h">
      <Filter>Headerdateien</Filter>
    </ClInclude>
    <ClInclude Include="..\..\libraries\ConfigurableFirmata\src\SerialFirmata.h">
      <Filter>Headerdateien</Filter>
    </ClInclude>
    <ClInclude Include="..\..\libraries\ConfigurableFirmata\src\ServoFirmata.h">
      <Filter>Headerdateien</Filter>
    </ClInclude>
    <ClInclude Include="..\..\libraries\ConfigurableFirmata\src\SpiFirmata.h">
      <Filter>Headerdateien</Filter>
    </ClInclude>
    <ClInclude Include="HardwareSerial.h">
      <Filter>Headerdateien</Filter>
    </ClInclude>
    <ClInclude Include="WProgram.h">
      <Filter>Headerdateien</Filter>
    </ClInclude>
    <ClInclude Include="pgmspace.h">
      <Filter>Headerdateien</Filter>
    </ClInclude>
    <ClInclude Include="SimulatorImpl.h">
      <Filter>Headerdateien</Filter>
    </ClInclude>
    <ClInclude Include="Wire.h">
      <Filter>Headerdateien</Filter>
    </ClInclude>
    <ClInclude Include="SPI.h">
      <Filter>Headerdateien</Filter>
    </ClInclude>
    <ClInclude Include="..\FirmataStatusLed.h">
      <Filter>Headerdateien</Filter>
    </ClInclude>
    <ClInclude Include="..\SelfTest.h">
      <Filter>Headerdateien</Filter>
    </ClInclude>
    <ClInclude Include="..\Exceptions.h">
      <Filter>Headerdateien</Filter>
    </ClInclude>
    <ClInclude Include="..\HardwareAccess.h">
      <Filter>Headerdateien</Filter>
    </ClInclude>
    <ClInclude Include="..\KnownTypeTokens.h">
      <Filter>Headerdateien</Filter>
    </ClInclude>
    <ClInclude Include="..\MethodFlags.h">
      <Filter>Headerdateien</Filter>
    </ClInclude>
    <ClInclude Include="..\NativeMethod.h">
      <Filter>Headerdateien</Filter>
    </ClInclude>
    <ClInclude Include="..\ClassDeclaration.h">
      <Filter>Headerdateien</Filter>
    </ClInclude>
    <ClInclude Include="..\FlashMemoryManager.h">
      <Filter>Headerdateien</Filter>
    </ClInclude>
    <ClInclude Include="..\SimFlashStorage.h">
      <Filter>Headerdateien</Filter>
    </ClInclude>
    <ClInclude Include="..\VariableKind.h">
      <Filter>Headerdateien</Filter>
    </ClInclude>
    <ClInclude Include="..\MethodBody.h">
      <Filter>Headerdateien</Filter>
    </ClInclude>
    <ClInclude Include="..\MemoryManagement.h">
      <Filter>Headerdateien</Filter>
    </ClInclude>
    <ClInclude Include="..\Ds1307.h">
      <Filter>Headerdateien</Filter>
    </ClInclude>
    <ClInclude Include="..\RtcBase.h">
      <Filter>Headerdateien</Filter>
    </ClInclude>
    <ClInclude Include="..\SimulatorClock.h">
      <Filter>Headerdateien</Filter>
    </ClInclude>
    <ClInclude Include="..\GarbageCollector.h">
      <Filter>Headerdateien</Filter>
    </ClInclude>
    <ClInclude Include="..\Esp32FatSupport.h">
      <Filter>Headerdateien</Filter>
    </ClInclude>
    <ClInclude Include="..\..\libraries\ConfigurableFirmata\src\Frequency.h">
      <Filter>Headerdateien</Filter>
    </ClInclude>
    <ClInclude Include="..\CustomClrException.h">
      <Filter>Headerdateien</Filter>
    </ClInclude>
  </ItemGroup>
</Project>